
Microsoft Visual Studio Solution File, Format Version 12.00
# Visual Studio Version 16
VisualStudioVersion = 16.0.30611.23
MinimumVisualStudioVersion = 10.0.40219.1
Project("{9A19103F-16F7-4668-BE54-9A1E7A4F7556}") = "Real-ESRGAN_GUI", "Real-ESRGAN_GUI\Real-ESRGAN_GUI.csproj", "{B2293D00-32BE-45DF-AB67-B357CCFD3955}"
EndProject
Project("{9A19103F-16F7-4668-BE54-9A1E7A4F7556}") = "Anime4KSharp", "Anime4KSharp\Anime4KSharp.csproj", "{6E25F34C-E94F-48A8-A4D5-175A19DF71F5}"
EndProject
Global
	GlobalSection(SolutionConfigurationPlatforms) = preSolution
		Debug|Any CPU = Debug|Any CPU
		Release|Any CPU = Release|Any CPU
	EndGlobalSection
	GlobalSection(ProjectConfigurationPlatforms) = postSolution
		{B2293D00-32BE-45DF-AB67-B357CCFD3955}.Debug|Any CPU.ActiveCfg = Debug|Any CPU
		{B2293D00-32BE-45DF-AB67-B357CCFD3955}.Debug|Any CPU.Build.0 = Debug|Any CPU
		{B2293D00-32BE-45DF-AB67-B357CCFD3955}.Release|Any CPU.ActiveCfg = Release|Any CPU
		{B2293D00-32BE-45DF-AB67-B357CCFD3955}.Release|Any CPU.Build.0 = Release|Any CPU
		{6E25F34C-E94F-48A8-A4D5-175A19DF71F5}.Debug|Any CPU.ActiveCfg = Debug|Any CPU
		{6E25F34C-E94F-48A8-A4D5-175A19DF71F5}.Debug|Any CPU.Build.0 = Debug|Any CPU
		{6E25F34C-E94F-48A8-A4D5-175A19DF71F5}.Release|Any CPU.ActiveCfg = Release|Any CPU
		{6E25F34C-E94F-48A8-A4D5-175A19DF71F5}.Release|Any CPU.Build.0 = Release|Any CPU
	EndGlobalSection
	GlobalSection(SolutionProperties) = preSolution
		HideSolutionNode = FALSE
	EndGlobalSection
	GlobalSection(ExtensibilityGlobals) = postSolution
		SolutionGuid = {6E1327C5-5B45-4C62-A25D-BB8BFDCC9116}
	EndGlobalSection
EndGlobal
